{
  "nodes": {
    "boulder": {
      "locked": {
        "lastModified": 1700410615,
        "narHash": "sha256-r67QjyDtT5GfC+HZEo2tGfG9WDc6R3C0OveLM9DPxrU=",
        "owner": "berkeleytrue",
        "repo": "nix-boulder-banner",
        "rev": "7cf6a06a78218654b9b8c3df2e6c0c8ed865d967",
        "type": "github"
      },
      "original": {
        "owner": "berkeleytrue",
        "repo": "nix-boulder-banner",
        "type": "github"
      }
    },
    "flake-parts": {
      "inputs": {
        "nixpkgs-lib": [
          "nixpkgs"
        ]
      },
      "locked": {
        "lastModified": 1693611461,
        "narHash": "sha256-aPODl8vAgGQ0ZYFIRisxYG5MOGSkIczvu2Cd8Gb9+1Y=",
        "owner": "hercules-ci",
        "repo": "flake-parts",
        "rev": "7f53fdb7bdc5bb237da7fefef12d099e4fd611ca",
        "type": "github"
      },
      "original": {
        "owner": "hercules-ci",
        "repo": "flake-parts",
        "type": "github"
      }
    },
    "gitignore": {
      "inputs": {
        "nixpkgs": [
          "templ",
          "nixpkgs"
        ]
      },
      "locked": {
        "lastModified": 1694102001,
        "narHash": "sha256-vky6VPK1n1od6vXbqzOXnekrQpTL4hbPAwUhT5J9c9E=",
        "owner": "hercules-ci",
        "repo": "gitignore.nix",
        "rev": "9e21c80adf67ebcb077d75bd5e7d724d21eeafd6",
        "type": "github"
      },
      "original": {
        "owner": "hercules-ci",
        "repo": "gitignore.nix",
        "type": "github"
      }
    },
    "nix-filter": {
      "locked": {
        "lastModified": 1694434370,
        "narHash": "sha256-7yfdTR4mCvWZ39Q6HUcsa18tr0mg+fJZSaHE/63rwoo=",
        "owner": "numtide",
        "repo": "nix-filter",
        "rev": "d6381c442f79f2f1fdfde00521c3d15d6c21218e",
        "type": "github"
      },
      "original": {
        "owner": "numtide",
        "repo": "nix-filter",
        "type": "github"
      }
    },
    "nixpkgs": {
      "locked": {
        "lastModified": 1694767346,
        "narHash": "sha256-5uH27SiVFUwsTsqC5rs3kS7pBoNhtoy9QfTP9BmknGk=",
        "owner": "NixOS",
        "repo": "nixpkgs",
        "rev": "ace5093e36ab1e95cb9463863491bee90d5a4183",
        "type": "github"
      },
      "original": {
        "owner": "NixOS",
        "ref": "nixos-unstable",
        "repo": "nixpkgs",
        "type": "github"
      }
    },
    "root": {
      "inputs": {
        "boulder": "boulder",
        "flake-parts": "flake-parts",
        "nix-filter": "nix-filter",
        "nixpkgs": "nixpkgs",
        "templ": "templ"
      }
    },
    "templ": {
      "inputs": {
        "gitignore": "gitignore",
        "nixpkgs": [
          "nixpkgs"
        ]
      },
      "locked": {
        "lastModified": 1696700125,
        "narHash": "sha256-a70Vl92cJlhHGEjY7SeAf2Y86smi9tKPJVLRK/XOJVk=",
        "owner": "a-h",
        "repo": "templ",
        "rev": "f48d29b6d2cab40034236ce34146cf3dafb5aa00",
        "type": "github"
      },
      "original": {
        "owner": "a-h",
        "repo": "templ",
        "type": "github"
      }
    }
  },
  "root": "root",
  "version": 7
}
